
Microsoft Visual Studio Solution File, Format Version 12.00
# Visual Studio Version 16
VisualStudioVersion = 16.0.30204.135
MinimumVisualStudioVersion = 10.0.40219.1
Project("{FAE04EC0-301F-11D3-BF4B-00C04F79EFBC}") = "someApp", "someApp\someApp.csproj", "{74F43619-9B20-4DC1-A1E0-D49B69A42343}"
EndProject
Project("{FAE04EC0-301F-11D3-BF4B-00C04F79EFBC}") = "Ex3", "Ex3\Ex3.csproj", "{51CBC760-BF18-472C-A65F-C26E13E67D10}"
EndProject
Project("{FAE04EC0-301F-11D3-BF4B-00C04F79EFBC}") = "Ex1", "Ex1\Ex1.csproj", "{FAB9220E-BBE1-4382-91C2-0D91A168B9DA}"
EndProject
Project("{FAE04EC0-301F-11D3-BF4B-00C04F79EFBC}") = "Ex2", "Ex2\Ex2.csproj", "{8CBB3E8C-BA93-4414-99DE-E1B632DFE34C}"
EndProject
Global
	GlobalSection(SolutionConfigurationPlatforms) = preSolution
		Debug|Any CPU = Debug|Any CPU
		Debug|ARM = Debug|ARM
		Debug|ARM64 = Debug|ARM64
		Debug|x64 = Debug|x64
		Debug|x86 = Debug|x86
		Release|Any CPU = Release|Any CPU
		Release|ARM = Release|ARM
		Release|ARM64 = Release|ARM64
		Release|x64 = Release|x64
		Release|x86 = Release|x86
	EndGlobalSection
	GlobalSection(ProjectConfigurationPlatforms) = postSolution
		{74F43619-9B20-4DC1-A1E0-D49B69A42343}.Debug|Any CPU.ActiveCfg = Debug|x86
		{74F43619-9B20-4DC1-A1E0-D49B69A42343}.Debug|ARM.ActiveCfg = Debug|ARM
		{74F43619-9B20-4DC1-A1E0-D49B69A42343}.Debug|ARM.Build.0 = Debug|ARM
		{74F43619-9B20-4DC1-A1E0-D49B69A42343}.Debug|ARM.Deploy.0 = Debug|ARM
		{74F43619-9B20-4DC1-A1E0-D49B69A42343}.Debug|ARM64.ActiveCfg = Debug|ARM64
		{74F43619-9B20-4DC1-A1E0-D49B69A42343}.Debug|ARM64.Build.0 = Debug|ARM64
		{74F43619-9B20-4DC1-A1E0-D49B69A42343}.Debug|ARM64.Deploy.0 = Debug|ARM64
		{74F43619-9B20-4DC1-A1E0-D49B69A42343}.Debug|x64.ActiveCfg = Debug|x64
		{74F43619-9B20-4DC1-A1E0-D49B69A42343}.Debug|x64.Build.0 = Debug|x64
		{74F43619-9B20-4DC1-A1E0-D49B69A42343}.Debug|x64.Deploy.0 = Debug|x64
		{74F43619-9B20-4DC1-A1E0-D49B69A42343}.Debug|x86.ActiveCfg = Debug|x86
		{74F43619-9B20-4DC1-A1E0-D49B69A42343}.Debug|x86.Build.0 = Debug|x86
		{74F43619-9B20-4DC1-A1E0-D49B69A42343}.Debug|x86.Deploy.0 = Debug|x86
		{74F43619-9B20-4DC1-A1E0-D49B69A42343}.Release|Any CPU.ActiveCfg = Release|x86
		{74F43619-9B20-4DC1-A1E0-D49B69A42343}.Release|ARM.ActiveCfg = Release|ARM
		{74F43619-9B20-4DC1-A1E0-D49B69A42343}.Release|ARM.Build.0 = Release|ARM
		{74F43619-9B20-4DC1-A1E0-D49B69A42343}.Release|ARM.Deploy.0 = Release|ARM
		{74F43619-9B20-4DC1-A1E0-D49B69A42343}.Release|ARM64.ActiveCfg = Release|ARM64
		{74F43619-9B20-4DC1-A1E0-D49B69A42343}.Release|ARM64.Build.0 = Release|ARM64
		{74F43619-9B20-4DC1-A1E0-D49B69A42343}.Release|ARM64.Deploy.0 = Release|ARM64
		{74F43619-9B20-4DC1-A1E0-D49B69A42343}.Release|x64.ActiveCfg = Release|x64
		{74F43619-9B20-4DC1-A1E0-D49B69A42343}.Release|x64.Build.0 = Release|x64
		{74F43619-9B20-4DC1-A1E0-D49B69A42343}.Release|x64.Deploy.0 = Release|x64
		{74F43619-9B20-4DC1-A1E0-D49B69A42343}.Release|x86.ActiveCfg = Release|x86
		{74F43619-9B20-4DC1-A1E0-D49B69A42343}.Release|x86.Build.0 = Release|x86
		{74F43619-9B20-4DC1-A1E0-D49B69A42343}.Release|x86.Deploy.0 = Release|x86
		{51CBC760-BF18-472C-A65F-C26E13E67D10}.Debug|Any CPU.ActiveCfg = Debug|x86
		{51CBC760-BF18-472C-A65F-C26E13E67D10}.Debug|ARM.ActiveCfg = Debug|ARM
		{51CBC760-BF18-472C-A65F-C26E13E67D10}.Debug|ARM.Build.0 = Debug|ARM
		{51CBC760-BF18-472C-A65F-C26E13E67D10}.Debug|ARM.Deploy.0 = Debug|ARM
		{51CBC760-BF18-472C-A65F-C26E13E67D10}.Debug|ARM64.ActiveCfg = Debug|ARM64
		{51CBC760-BF18-472C-A65F-C26E13E67D10}.Debug|ARM64.Build.0 = Debug|ARM64
		{51CBC760-BF18-472C-A65F-C26E13E67D10}.Debug|ARM64.Deploy.0 = Debug|ARM64
		{51CBC760-BF18-472C-A65F-C26E13E67D10}.Debug|x64.ActiveCfg = Debug|x64
		{51CBC760-BF18-472C-A65F-C26E13E67D10}.Debug|x64.Build.0 = Debug|x64
		{51CBC760-BF18-472C-A65F-C26E13E67D10}.Debug|x64.Deploy.0 = Debug|x64
		{51CBC760-BF18-472C-A65F-C26E13E67D10}.Debug|x86.ActiveCfg = Debug|x86
		{51CBC760-BF18-472C-A65F-C26E13E67D10}.Debug|x86.Build.0 = Debug|x86
		{51CBC760-BF18-472C-A65F-C26E13E67D10}.Debug|x86.Deploy.0 = Debug|x86
		{51CBC760-BF18-472C-A65F-C26E13E67D10}.Release|Any CPU.ActiveCfg = Release|x86
		{51CBC760-BF18-472C-A65F-C26E13E67D10}.Release|ARM.ActiveCfg = Release|ARM
		{51CBC760-BF18-472C-A65F-C26E13E67D10}.Release|ARM.Build.0 = Release|ARM
		{51CBC760-BF18-472C-A65F-C26E13E67D10}.Release|ARM.Deploy.0 = Release|ARM
		{51CBC760-BF18-472C-A65F-C26E13E67D10}.Release|ARM64.ActiveCfg = Release|ARM64
		{51CBC760-BF18-472C-A65F-C26E13E67D10}.Release|ARM64.Build.0 = Release|ARM64
		{51CBC760-BF18-472C-A65F-C26E13E67D10}.Release|ARM64.Deploy.0 = Release|ARM64
		{51CBC760-BF18-472C-A65F-C26E13E67D10}.Release|x64.ActiveCfg = Release|x64
		{51CBC760-BF18-472C-A65F-C26E13E67D10}.Release|x64.Build.0 = Release|x64
		{51CBC760-BF18-472C-A65F-C26E13E67D10}.Release|x64.Deploy.0 = Release|x64
		{51CBC760-BF18-472C-A65F-C26E13E67D10}.Release|x86.ActiveCfg = Release|x86
		{51CBC760-BF18-472C-A65F-C26E13E67D10}.Release|x86.Build.0 = Release|x86
		{51CBC760-BF18-472C-A65F-C26E13E67D10}.Release|x86.Deploy.0 = Release|x86
		{FAB9220E-BBE1-4382-91C2-0D91A168B9DA}.Debug|Any CPU.ActiveCfg = Debug|x86
		{FAB9220E-BBE1-4382-91C2-0D91A168B9DA}.Debug|ARM.ActiveCfg = Debug|ARM
		{FAB9220E-BBE1-4382-91C2-0D91A168B9DA}.Debug|ARM.Build.0 = Debug|ARM
		{FAB9220E-BBE1-4382-91C2-0D91A168B9DA}.Debug|ARM.Deploy.0 = Debug|ARM
		{FAB9220E-BBE1-4382-91C2-0D91A168B9DA}.Debug|ARM64.ActiveCfg = Debug|ARM64
		{FAB9220E-BBE1-4382-91C2-0D91A168B9DA}.Debug|ARM64.Build.0 = Debug|ARM64
		{FAB9220E-BBE1-4382-91C2-0D91A168B9DA}.Debug|ARM64.Deploy.0 = Debug|ARM64
		{FAB9220E-BBE1-4382-91C2-0D91A168B9DA}.Debug|x64.ActiveCfg = Debug|x64
		{FAB9220E-BBE1-4382-91C2-0D91A168B9DA}.Debug|x64.Build.0 = Debug|x64
		{FAB9220E-BBE1-4382-91C2-0D91A168B9DA}.Debug|x64.Deploy.0 = Debug|x64
		{FAB9220E-BBE1-4382-91C2-0D91A168B9DA}.Debug|x86.ActiveCfg = Debug|x86
		{FAB9220E-BBE1-4382-91C2-0D91A168B9DA}.Debug|x86.Build.0 = Debug|x86
		{FAB9220E-BBE1-4382-91C2-0D91A168B9DA}.Debug|x86.Deploy.0 = Debug|x86
		{FAB9220E-BBE1-4382-91C2-0D91A168B9DA}.Release|Any CPU.ActiveCfg = Release|x86
		{FAB9220E-BBE1-4382-91C2-0D91A168B9DA}.Release|ARM.ActiveCfg = Release|ARM
		{FAB9220E-BBE1-4382-91C2-0D91A168B9DA}.Release|ARM.Build.0 = Release|ARM
		{FAB9220E-BBE1-4382-91C2-0D91A168B9DA}.Release|ARM.Deploy.0 = Release|ARM
		{FAB9220E-BBE1-4382-91C2-0D91A168B9DA}.Release|ARM64.ActiveCfg = Release|ARM64
		{FAB9220E-BBE1-4382-91C2-0D91A168B9DA}.Release|ARM64.Build.0 = Release|ARM64
		{FAB9220E-BBE1-4382-91C2-0D91A168B9DA}.Release|ARM64.Deploy.0 = Release|ARM64
		{FAB9220E-BBE1-4382-91C2-0D91A168B9DA}.Release|x64.ActiveCfg = Release|x64
		{FAB9220E-BBE1-4382-91C2-0D91A168B9DA}.Release|x64.Build.0 = Release|x64
		{FAB9220E-BBE1-4382-91C2-0D91A168B9DA}.Release|x64.Deploy.0 = Release|x64
		{FAB9220E-BBE1-4382-91C2-0D91A168B9DA}.Release|x86.ActiveCfg = Release|x86
		{FAB9220E-BBE1-4382-91C2-0D91A168B9DA}.Release|x86.Build.0 = Release|x86
		{FAB9220E-BBE1-4382-91C2-0D91A168B9DA}.Release|x86.Deploy.0 = Release|x86
		{8CBB3E8C-BA93-4414-99DE-E1B632DFE34C}.Debug|Any CPU.ActiveCfg = Debug|x86
		{8CBB3E8C-BA93-4414-99DE-E1B632DFE34C}.Debug|ARM.ActiveCfg = Debug|ARM
		{8CBB3E8C-BA93-4414-99DE-E1B632DFE34C}.Debug|ARM.Build.0 = Debug|ARM
		{8CBB3E8C-BA93-4414-99DE-E1B632DFE34C}.Debug|ARM.Deploy.0 = Debug|ARM
		{8CBB3E8C-BA93-4414-99DE-E1B632DFE34C}.Debug|ARM64.ActiveCfg = Debug|ARM64
		{8CBB3E8C-BA93-4414-99DE-E1B632DFE34C}.Debug|ARM64.Build.0 = Debug|ARM64
		{8CBB3E8C-BA93-4414-99DE-E1B632DFE34C}.Debug|ARM64.Deploy.0 = Debug|ARM64
		{8CBB3E8C-BA93-4414-99DE-E1B632DFE34C}.Debug|x64.ActiveCfg = Debug|x64
		{8CBB3E8C-BA93-4414-99DE-E1B632DFE34C}.Debug|x64.Build.0 = Debug|x64
		{8CBB3E8C-BA93-4414-99DE-E1B632DFE34C}.Debug|x64.Deploy.0 = Debug|x64
		{8CBB3E8C-BA93-4414-99DE-E1B632DFE34C}.Debug|x86.ActiveCfg = Debug|x86
		{8CBB3E8C-BA93-4414-99DE-E1B632DFE34C}.Debug|x86.Build.0 = Debug|x86
		{8CBB3E8C-BA93-4414-99DE-E1B632DFE34C}.Debug|x86.Deploy.0 = Debug|x86
		{8CBB3E8C-BA93-4414-99DE-E1B632DFE34C}.Release|Any CPU.ActiveCfg = Release|x86
		{8CBB3E8C-BA93-4414-99DE-E1B632DFE34C}.Release|ARM.ActiveCfg = Release|ARM
		{8CBB3E8C-BA93-4414-99DE-E1B632DFE34C}.Release|ARM.Build.0 = Release|ARM
		{8CBB3E8C-BA93-4414-99DE-E1B632DFE34C}.Release|ARM.Deploy.0 = Release|ARM
		{8CBB3E8C-BA93-4414-99DE-E1B632DFE34C}.Release|ARM64.ActiveCfg = Release|ARM64
		{8CBB3E8C-BA93-4414-99DE-E1B632DFE34C}.Release|ARM64.Build.0 = Release|ARM64
		{8CBB3E8C-BA93-4414-99DE-E1B632DFE34C}.Release|ARM64.Deploy.0 = Release|ARM64
		{8CBB3E8C-BA93-4414-99DE-E1B632DFE34C}.Release|x64.ActiveCfg = Release|x64
		{8CBB3E8C-BA93-4414-99DE-E1B632DFE34C}.Release|x64.Build.0 = Release|x64
		{8CBB3E8C-BA93-4414-99DE-E1B632DFE34C}.Release|x64.Deploy.0 = Release|x64
		{8CBB3E8C-BA93-4414-99DE-E1B632DFE34C}.Release|x86.ActiveCfg = Release|x86
		{8CBB3E8C-BA93-4414-99DE-E1B632DFE34C}.Release|x86.Build.0 = Release|x86
		{8CBB3E8C-BA93-4414-99DE-E1B632DFE34C}.Release|x86.Deploy.0 = Release|x86
	EndGlobalSection
	GlobalSection(SolutionProperties) = preSolution
		HideSolutionNode = FALSE
	EndGlobalSection
	GlobalSection(ExtensibilityGlobals) = postSolution
		SolutionGuid = {E16C26D1-EBEA-4EE5-93AC-8498A5C40210}
	EndGlobalSection
EndGlobal
